
Microsoft Visual Studio Solution File, Format Version 12.00
# Visual Studio Version 17
VisualStudioVersion = 17.11.35222.181
MinimumVisualStudioVersion = 10.0.40219.1
Project("{FAE04EC0-301F-11D3-BF4B-00C04F79EFBC}") = "SaurabhConsoleApp1", "SaurabhConsoleApp1\SaurabhConsoleApp1.csproj", "{58DA1B6E-C5EB-4A91-B659-F5E5105CF65B}"
EndProject
Global
	GlobalSection(SolutionConfigurationPlatforms) = preSolution
		Debug|Any CPU = Debug|Any CPU
		Release|Any CPU = Release|Any CPU
	EndGlobalSection
	GlobalSection(ProjectConfigurationPlatforms) = postSolution
		{58DA1B6E-C5EB-4A91-B659-F5E5105CF65B}.Debug|Any CPU.ActiveCfg = Debug|Any CPU
		{58DA1B6E-C5EB-4A91-B659-F5E5105CF65B}.Debug|Any CPU.Build.0 = Debug|Any CPU
		{58DA1B6E-C5EB-4A91-B659-F5E5105CF65B}.Release|Any CPU.ActiveCfg = Release|Any CPU
		{58DA1B6E-C5EB-4A91-B659-F5E5105CF65B}.Release|Any CPU.Build.0 = Release|Any CPU
	EndGlobalSection
	GlobalSection(SolutionProperties) = preSolution
		HideSolutionNode = FALSE
	EndGlobalSection
	GlobalSection(ExtensibilityGlobals) = postSolution
		SolutionGuid = {930950BE-CDA9-4446-B0F2-65EAA72544EA}
	EndGlobalSection
EndGlobal
